// !$*UTF8*$!
{
	archiveVersion = 1;
	classes = {
	};
	objectVersion = 56;
	objects = {

/* Begin PBXBuildFile section */
		59399EBC28F706300049B3EC /* AppDelegate.swift in Sources */ = {isa = PBXBuildFile; fileRef = 59399EBB28F706300049B3EC /* AppDelegate.swift */; };
		59399EBE28F706300049B3EC /* SceneDelegate.swift in Sources */ = {isa = PBXBuildFile; fileRef = 59399EBD28F706300049B3EC /* SceneDelegate.swift */; };
		59399EC028F706300049B3EC /* ViewController.swift in Sources */ = {isa = PBXBuildFile; fileRef = 59399EBF28F706300049B3EC /* ViewController.swift */; };
		59399EC328F706300049B3EC /* Main.storyboard in Resources */ = {isa = PBXBuildFile; fileRef = 59399EC128F706300049B3EC /* Main.storyboard */; };
		59399EC628F706300049B3EC /* ShoppingList.xcdatamodeld in Sources */ = {isa = PBXBuildFile; fileRef = 59399EC428F706300049B3EC /* ShoppingList.xcdatamodeld */; };
		59399EC828F706310049B3EC /* Assets.xcassets in Resources */ = {isa = PBXBuildFile; fileRef = 59399EC728F706310049B3EC /* Assets.xcassets */; };
		59399ECB28F706310049B3EC /* LaunchScreen.storyboard in Resources */ = {isa = PBXBuildFile; fileRef = 59399EC928F706310049B3EC /* LaunchScreen.storyboard */; };
		59399ED628F706310049B3EC /* ShoppingListTests.swift in Sources */ = {isa = PBXBuildFile; fileRef = 59399ED528F706310049B3EC /* ShoppingListTests.swift */; };
		59399EE028F706310049B3EC /* ShoppingListUITests.swift in Sources */ = {isa = PBXBuildFile; fileRef = 59399EDF28F706310049B3EC /* ShoppingListUITests.swift */; };
		59399EE228F706310049B3EC /* ShoppingListUITestsLaunchTests.swift in Sources */ = {isa = PBXBuildFile; fileRef = 59399EE128F706310049B3EC /* ShoppingListUITestsLaunchTests.swift */; };
		59399EEE28F70D670049B3EC /* ViewController.swift in Sources */ = {isa = PBXBuildFile; fileRef = 59399EBF28F706300049B3EC /* ViewController.swift */; };
		59399EF128F745700049B3EC /* TableViewCell.swift in Sources */ = {isa = PBXBuildFile; fileRef = 59399EEF28F745700049B3EC /* TableViewCell.swift */; };
		59399EF228F745700049B3EC /* TableViewCell.xib in Resources */ = {isa = PBXBuildFile; fileRef = 59399EF028F745700049B3EC /* TableViewCell.xib */; };
		59399EF428FBE7990049B3EC /* struct1.swift in Sources */ = {isa = PBXBuildFile; fileRef = 59399EF328FBE7990049B3EC /* struct1.swift */; };
/* End PBXBuildFile section */

/* Begin PBXContainerItemProxy section */
		59399ED228F706310049B3EC /* PBXContainerItemProxy */ = {
			isa = PBXContainerItemProxy;
			containerPortal = 59399EB028F706300049B3EC /* Project object */;
			proxyType = 1;
			remoteGlobalIDString = 59399EB728F706300049B3EC;
			remoteInfo = ShoppingList;
		};
		59399EDC28F706310049B3EC /* PBXContainerItemProxy */ = {
			isa = PBXContainerItemProxy;
			containerPortal = 59399EB028F706300049B3EC /* Project object */;
			proxyType = 1;
			remoteGlobalIDString = 59399EB728F706300049B3EC;
			remoteInfo = ShoppingList;
		};
/* End PBXContainerItemProxy section */

/* Begin PBXFileReference section */
		59399EB828F706300049B3EC /* ShoppingList.app */ = {isa = PBXFileReference; explicitFileType = wrapper.application; includeInIndex = 0; path = ShoppingList.app; sourceTree = BUILT_PRODUCTS_DIR; };
		59399EBB28F706300049B3EC /* AppDelegate.swift */ = {isa = PBXFileReference; lastKnownFileType = sourcecode.swift; path = AppDelegate.swift; sourceTree = "<group>"; };
		59399EBD28F706300049B3EC /* SceneDelegate.swift */ = {isa = PBXFileReference; lastKnownFileType = sourcecode.swift; path = SceneDelegate.swift; sourceTree = "<group>"; };
		59399EBF28F706300049B3EC /* ViewController.swift */ = {isa = PBXFileReference; lastKnownFileType = sourcecode.swift; path = ViewController.swift; sourceTree = "<group>"; };
		59399EC228F706300049B3EC /* Base */ = {isa = PBXFileReference; lastKnownFileType = file.storyboard; name = Base; path = Base.lproj/Main.storyboard; sourceTree = "<group>"; };
		59399EC528F706300049B3EC /* ShoppingList.xcdatamodel */ = {isa = PBXFileReference; lastKnownFileType = wrapper.xcdatamodel; path = ShoppingList.xcdatamodel; sourceTree = "<group>"; };
		59399EC728F706310049B3EC /* Assets.xcassets */ = {isa = PBXFileReference; lastKnownFileType = folder.assetcatalog; path = Assets.xcassets; sourceTree = "<group>"; };
		59399ECA28F706310049B3EC /* Base */ = {isa = PBXFileReference; lastKnownFileType = file.storyboard; name = Base; path = Base.lproj/LaunchScreen.storyboard; sourceTree = "<group>"; };
		59399ECC28F706310049B3EC /* Info.plist */ = {isa = PBXFileReference; lastKnownFileType = text.plist.xml; path = Info.plist; sourceTree = "<group>"; };
		59399ED128F706310049B3EC /* ShoppingListTests.xctest */ = {isa = PBXFileReference; explicitFileType = wrapper.cfbundle; includeInIndex = 0; path = ShoppingListTests.xctest; sourceTree = BUILT_PRODUCTS_DIR; };
		59399ED528F706310049B3EC /* ShoppingListTests.swift */ = {isa = PBXFileReference; lastKnownFileType = sourcecode.swift; path = ShoppingListTests.swift; sourceTree = "<group>"; };
		59399EDB28F706310049B3EC /* ShoppingListUITests.xctest */ = {isa = PBXFileReference; explicitFileType = wrapper.cfbundle; includeInIndex = 0; path = ShoppingListUITests.xctest; sourceTree = BUILT_PRODUCTS_DIR; };
		59399EDF28F706310049B3EC /* ShoppingListUITests.swift */ = {isa = PBXFileReference; lastKnownFileType = sourcecode.swift; path = ShoppingListUITests.swift; sourceTree = "<group>"; };
		59399EE128F706310049B3EC /* ShoppingListUITestsLaunchTests.swift */ = {isa = PBXFileReference; lastKnownFileType = sourcecode.swift; path = ShoppingListUITestsLaunchTests.swift; sourceTree = "<group>"; };
		59399EEF28F745700049B3EC /* TableViewCell.swift */ = {isa = PBXFileReference; lastKnownFileType = sourcecode.swift; path = TableViewCell.swift; sourceTree = "<group>"; };
		59399EF028F745700049B3EC /* TableViewCell.xib */ = {isa = PBXFileReference; lastKnownFileType = file.xib; path = TableViewCell.xib; sourceTree = "<group>"; };
		59399EF328FBE7990049B3EC /* struct1.swift */ = {isa = PBXFileReference; lastKnownFileType = sourcecode.swift; path = struct1.swift; sourceTree = "<group>"; };
/* End PBXFileReference section */

/* Begin PBXFrameworksBuildPhase section */
		59399EB528F706300049B3EC /* Frameworks */ = {
			isa = PBXFrameworksBuildPhase;
			buildActionMask = 2147483647;
			files = (
			);
			runOnlyForDeploymentPostprocessing = 0;
		};
		59399ECE28F706310049B3EC /* Frameworks */ = {
			isa = PBXFrameworksBuildPhase;
			buildActionMask = 2147483647;
			files = (
			);
			runOnlyForDeploymentPostprocessing = 0;
		};
		59399ED828F706310049B3EC /* Frameworks */ = {
			isa = PBXFrameworksBuildPhase;
			buildActionMask = 2147483647;
			files = (
			);
			runOnlyForDeploymentPostprocessing = 0;
		};
/* End PBXFrameworksBuildPhase section */

/* Begin PBXGroup section */
		59399EAF28F706300049B3EC = {
			isa = PBXGroup;
			children = (
				59399EBA28F706300049B3EC /* ShoppingList */,
				59399ED428F706310049B3EC /* ShoppingListTests */,
				59399EDE28F706310049B3EC /* ShoppingListUITests */,
				59399EB928F706300049B3EC /* Products */,
			);
			sourceTree = "<group>";
		};
		59399EB928F706300049B3EC /* Products */ = {
			isa = PBXGroup;
			children = (
				59399EB828F706300049B3EC /* ShoppingList.app */,
				59399ED128F706310049B3EC /* ShoppingListTests.xctest */,
				59399EDB28F706310049B3EC /* ShoppingListUITests.xctest */,
			);
			name = Products;
			sourceTree = "<group>";
		};
		59399EBA28F706300049B3EC /* ShoppingList */ = {
			isa = PBXGroup;
			children = (
				59399EBB28F706300049B3EC /* AppDelegate.swift */,
				59399EBD28F706300049B3EC /* SceneDelegate.swift */,
				59399EBF28F706300049B3EC /* ViewController.swift */,
				59399EF328FBE7990049B3EC /* struct1.swift */,
				59399EC128F706300049B3EC /* Main.storyboard */,
				59399EEF28F745700049B3EC /* TableViewCell.swift */,
				59399EF028F745700049B3EC /* TableViewCell.xib */,
				59399EC728F706310049B3EC /* Assets.xcassets */,
				59399EC928F706310049B3EC /* LaunchScreen.storyboard */,
				59399ECC28F706310049B3EC /* Info.plist */,
				59399EC428F706300049B3EC /* ShoppingList.xcdatamodeld */,
			);
			path = ShoppingList;
			sourceTree = "<group>";
		};
		59399ED428F706310049B3EC /* ShoppingListTests */ = {
			isa = PBXGroup;
			children = (
				59399ED528F706310049B3EC /* ShoppingListTests.swift */,
			);
			path = ShoppingListTests;
			sourceTree = "<group>";
		};
		59399EDE28F706310049B3EC /* ShoppingListUITests */ = {
			isa = PBXGroup;
			children = (
				59399EDF28F706310049B3EC /* ShoppingListUITests.swift */,
				59399EE128F706310049B3EC /* ShoppingListUITestsLaunchTests.swift */,
			);
			path = ShoppingListUITests;
			sourceTree = "<group>";
		};
/* End PBXGroup section */

/* Begin PBXNativeTarget section */
		59399EB728F706300049B3EC /* ShoppingList */ = {
			isa = PBXNativeTarget;
			buildConfigurationList = 59399EE528F706310049B3EC /* Build configuration list for PBXNativeTarget "ShoppingList" */;
			buildPhases = (
				59399EB428F706300049B3EC /* Sources */,
				59399EB528F706300049B3EC /* Frameworks */,
				59399EB628F706300049B3EC /* Resources */,
			);
			buildRules = (
			);
			dependencies = (
			);
			name = ShoppingList;
			productName = ShoppingList;
			productReference = 59399EB828F706300049B3EC /* ShoppingList.app */;
			productType = "com.apple.product-type.application";
		};
		59399ED028F706310049B3EC /* ShoppingListTests */ = {
			isa = PBXNativeTarget;
			buildConfigurationList = 59399EE828F706310049B3EC /* Build configuration list for PBXNativeTarget "ShoppingListTests" */;
			buildPhases = (
				59399ECD28F706310049B3EC /* Sources */,
				59399ECE28F706310049B3EC /* Frameworks */,
				59399ECF28F706310049B3EC /* Resources */,
			);
			buildRules = (
			);
			dependencies = (
				59399ED328F706310049B3EC /* PBXTargetDependency */,
			);
			name = ShoppingListTests;
			productName = ShoppingListTests;
			productReference = 59399ED128F706310049B3EC /* ShoppingListTests.xctest */;
			productType = "com.apple.product-type.bundle.unit-test";
		};
		59399EDA28F706310049B3EC /* ShoppingListUITests */ = {
			isa = PBXNativeTarget;
			buildConfigurationList = 59399EEB28F706310049B3EC /* Build configuration list for PBXNativeTarget "ShoppingListUITests" */;
			buildPhases = (
				59399ED728F706310049B3EC /* Sources */,
				59399ED828F706310049B3EC /* Frameworks */,
				59399ED928F706310049B3EC /* Resources */,
			);
			buildRules = (
			);
			dependencies = (
				59399EDD28F706310049B3EC /* PBXTargetDependency */,
			);
			name = ShoppingListUITests;
			productName = ShoppingListUITests;
			productReference = 59399EDB28F706310049B3EC /* ShoppingListUITests.xctest */;
			productType = "com.apple.product-type.bundle.ui-testing";
		};
/* End PBXNativeTarget section */

/* Begin PBXProject section */
		59399EB028F706300049B3EC /* Project object */ = {
			isa = PBXProject;
			attributes = {
				BuildIndependentTargetsInParallel = 1;
				LastSwiftUpdateCheck = 1400;
				LastUpgradeCheck = 1400;
				TargetAttributes = {
					59399EB728F706300049B3EC = {
						CreatedOnToolsVersion = 14.0.1;
					};
					59399ED028F706310049B3EC = {
						CreatedOnToolsVersion = 14.0.1;
						TestTargetID = 59399EB728F706300049B3EC;
					};
					59399EDA28F706310049B3EC = {
						CreatedOnToolsVersion = 14.0.1;
						TestTargetID = 59399EB728F706300049B3EC;
					};
				};
			};
			buildConfigurationList = 59399EB328F706300049B3EC /* Build configuration list for PBXProject "ShoppingList" */;
			compatibilityVersion = "Xcode 14.0";
			developmentRegion = en;
			hasScannedForEncodings = 0;
			knownRegions = (
				en,
				Base,
			);
			mainGroup = 59399EAF28F706300049B3EC;
			productRefGroup = 59399EB928F706300049B3EC /* Products */;
			projectDirPath = "";
			projectRoot = "";
			targets = (
				59399EB728F706300049B3EC /* ShoppingList */,
				59399ED028F706310049B3EC /* ShoppingListTests */,
				59399EDA28F706310049B3EC /* ShoppingListUITests */,
			);
		};
/* End PBXProject section */

/* Begin PBXResourcesBuildPhase section */
		59399EB628F706300049B3EC /* Resources */ = {
			isa = PBXResourcesBuildPhase;
			buildActionMask = 2147483647;
			files = (
				59399ECB28F706310049B3EC /* LaunchScreen.storyboard in Resources */,
				59399EF228F745700049B3EC /* TableViewCell.xib in Resources */,
				59399EC828F706310049B3EC /* Assets.xcassets in Resources */,
				59399EC328F706300049B3EC /* Main.storyboard in Resources */,
			);
			runOnlyForDeploymentPostprocessing = 0;
		};
		59399ECF28F706310049B3EC /* Resources */ = {
			isa = PBXResourcesBuildPhase;
			buildActionMask = 2147483647;
			files = (
			);
			runOnlyForDeploymentPostprocessing = 0;
		};
		59399ED928F706310049B3EC /* Resources */ = {
			isa = PBXResourcesBuildPhase;
			buildActionMask = 2147483647;
			files = (
			);
			runOnlyForDeploymentPostprocessing = 0;
		};
/* End PBXResourcesBuildPhase section */

/* Begin PBXSourcesBuildPhase section */
		59399EB428F706300049B3EC /* Sources */ = {
			isa = PBXSourcesBuildPhase;
			buildActionMask = 2147483647;
			files = (
				59399EF128F745700049B3EC /* TableViewCell.swift in Sources */,
				59399EC028F706300049B3EC /* ViewController.swift in Sources */,
				59399EF428FBE7990049B3EC /* struct1.swift in Sources */,
				59399EC628F706300049B3EC /* ShoppingList.xcdatamodeld in Sources */,
				59399EBC28F706300049B3EC /* AppDelegate.swift in Sources */,
				59399EBE28F706300049B3EC /* SceneDelegate.swift in Sources */,
			);
			runOnlyForDeploymentPostprocessing = 0;
		};
		59399ECD28F706310049B3EC /* Sources */ = {
			isa = PBXSourcesBuildPhase;
			buildActionMask = 2147483647;
			files = (
				59399ED628F706310049B3EC /* ShoppingListTests.swift in Sources */,
			);
			runOnlyForDeploymentPostprocessing = 0;
		};
		59399ED728F706310049B3EC /* Sources */ = {
			isa = PBXSourcesBuildPhase;
			buildActionMask = 2147483647;
			files = (
				59399EEE28F70D670049B3EC /* ViewController.swift in Sources */,
				59399EE228F706310049B3EC /* ShoppingListUITestsLaunchTests.swift in Sources */,
				59399EE028F706310049B3EC /* ShoppingListUITests.swift in Sources */,
			);
			runOnlyForDeploymentPostprocessing = 0;
		};
/* End PBXSourcesBuildPhase section */

/* Begin PBXTargetDependency section */
		59399ED328F706310049B3EC /* PBXTargetDependency */ = {
			isa = PBXTargetDependency;
			target = 59399EB728F706300049B3EC /* ShoppingList */;
			targetProxy = 59399ED228F706310049B3EC /* PBXContainerItemProxy */;
		};
		59399EDD28F706310049B3EC /* PBXTargetDependency */ = {
			isa = PBXTargetDependency;
			target = 59399EB728F706300049B3EC /* ShoppingList */;
			targetProxy = 59399EDC28F706310049B3EC /* PBXContainerItemProxy */;
		};
/* End PBXTargetDependency section */

/* Begin PBXVariantGroup section */
		59399EC128F706300049B3EC /* Main.storyboard */ = {
			isa = PBXVariantGroup;
			children = (
				59399EC228F706300049B3EC /* Base */,
			);
			name = Main.storyboard;
			sourceTree = "<group>";
		};
		59399EC928F706310049B3EC /* LaunchScreen.storyboard */ = {
			isa = PBXVariantGroup;
			children = (
				59399ECA28F706310049B3EC /* Base */,
			);
			name = LaunchScreen.storyboard;
			sourceTree = "<group>";
		};
/* End PBXVariantGroup section */

/* Begin XCBuildConfiguration section */
		59399EE328F706310049B3EC /* Debug */ = {
			isa = XCBuildConfiguration;
			buildSettings = {
				ALWAYS_SEARCH_USER_PATHS = NO;
				CLANG_ANALYZER_NONNULL = YES;
				CLANG_ANALYZER_NUMBER_OBJECT_CONVERSION = YES_AGGRESSIVE;
				CLANG_CXX_LANGUAGE_STANDARD = "gnu++20";
				CLANG_ENABLE_MODULES = YES;
				CLANG_ENABLE_OBJC_ARC = YES;
				CLANG_ENABLE_OBJC_WEAK = YES;
				CLANG_WARN_BLOCK_CAPTURE_AUTORELEASING = YES;
				CLANG_WARN_BOOL_CONVERSION = YES;
				CLANG_WARN_COMMA = YES;
				CLANG_WARN_CONSTANT_CONVERSION = YES;
				CLANG_WARN_DEPRECATED_OBJC_IMPLEMENTATIONS = YES;
				CLANG_WARN_DIRECT_OBJC_ISA_USAGE = YES_ERROR;
				CLANG_WARN_DOCUMENTATION_COMMENTS = YES;
				CLANG_WARN_EMPTY_BODY = YES;
				CLANG_WARN_ENUM_CONVERSION = YES;
				CLANG_WARN_INFINITE_RECURSION = YES;
				CLANG_WARN_INT_CONVERSION = YES;
				CLANG_WARN_NON_LITERAL_NULL_CONVERSION = YES;
				CLANG_WARN_OBJC_IMPLICIT_RETAIN_SELF = YES;
				CLANG_WARN_OBJC_LITERAL_CONVERSION = YES;
				CLANG_WARN_OBJC_ROOT_CLASS = YES_ERROR;
				CLANG_WARN_QUOTED_INCLUDE_IN_FRAMEWORK_HEADER = YES;
				CLANG_WARN_RANGE_LOOP_ANALYSIS = YES;
				CLANG_WARN_STRICT_PROTOTYPES = YES;
				CLANG_WARN_SUSPICIOUS_MOVE = YES;
				CLANG_WARN_UNGUARDED_AVAILABILITY = YES_AGGRESSIVE;
				CLANG_WARN_UNREACHABLE_CODE = YES;
				CLANG_WARN__DUPLICATE_METHOD_MATCH = YES;
				COPY_PHASE_STRIP = NO;
				DEBUG_INFORMATION_FORMAT = dwarf;
				ENABLE_STRICT_OBJC_MSGSEND = YES;
				ENABLE_TESTABILITY = YES;
				GCC_C_LANGUAGE_STANDARD = gnu11;
				GCC_DYNAMIC_NO_PIC = NO;
				GCC_NO_COMMON_BLOCKS = YES;
				GCC_OPTIMIZATION_LEVEL = 0;
				GCC_PREPROCESSOR_DEFINITIONS = (
					"DEBUG=1",
					"$(inherited)",
				);
				GCC_WARN_64_TO_32_BIT_CONVERSION = YES;
				GCC_WARN_ABOUT_RETURN_TYPE = YES_ERROR;
				GCC_WARN_UNDECLARED_SELECTOR = YES;
				GCC_WARN_UNINITIALIZED_AUTOS = YES_AGGRESSIVE;
				GCC_WARN_UNUSED_FUNCTION = YES;
				GCC_WARN_UNUSED_VARIABLE = YES;
				IPHONEOS_DEPLOYMENT_TARGET = 16.0;
				MTL_ENABLE_DEBUG_INFO = INCLUDE_SOURCE;
				MTL_FAST_MATH = YES;
				ONLY_ACTIVE_ARCH = YES;
				SDKROOT = iphoneos;
				SWIFT_ACTIVE_COMPILATION_CONDITIONS = DEBUG;
				SWIFT_OPTIMIZATION_LEVEL = "-Onone";
			};
			name = Debug;
		};
		59399EE428F706310049B3EC /* Release */ = {
			isa = XCBuildConfiguration;
			buildSettings = {
				ALWAYS_SEARCH_USER_PATHS = NO;
				CLANG_ANALYZER_NONNULL = YES;
				CLANG_ANALYZER_NUMBER_OBJECT_CONVERSION = YES_AGGRESSIVE;
				CLANG_CXX_LANGUAGE_STANDARD = "gnu++20";
				CLANG_ENABLE_MODULES = YES;
				CLANG_ENABLE_OBJC_ARC = YES;
				CLANG_ENABLE_OBJC_WEAK = YES;
				CLANG_WARN_BLOCK_CAPTURE_AUTORELEASING = YES;
				CLANG_WARN_BOOL_CONVERSION = YES;
				CLANG_WARN_COMMA = YES;
				CLANG_WARN_CONSTANT_CONVERSION = YES;
				CLANG_WARN_DEPRECATED_OBJC_IMPLEMENTATIONS = YES;
				CLANG_WARN_DIRECT_OBJC_ISA_USAGE = YES_ERROR;
				CLANG_WARN_DOCUMENTATION_COMMENTS = YES;
				CLANG_WARN_EMPTY_BODY = YES;
				CLANG_WARN_ENUM_CONVERSION = YES;
				CLANG_WARN_INFINITE_RECURSION = YES;
				CLANG_WARN_INT_CONVERSION = YES;
				CLANG_WARN_NON_LITERAL_NULL_CONVERSION = YES;
				CLANG_WARN_OBJC_IMPLICIT_RETAIN_SELF = YES;
				CLANG_WARN_OBJC_LITERAL_CONVERSION = YES;
				CLANG_WARN_OBJC_ROOT_CLASS = YES_ERROR;
				CLANG_WARN_QUOTED_INCLUDE_IN_FRAMEWORK_HEADER = YES;
				CLANG_WARN_RANGE_LOOP_ANALYSIS = YES;
				CLANG_WARN_STRICT_PROTOTYPES = YES;
				CLANG_WARN_SUSPICIOUS_MOVE = YES;
				CLANG_WARN_UNGUARDED_AVAILABILITY = YES_AGGRESSIVE;
				CLANG_WARN_UNREACHABLE_CODE = YES;
				CLANG_WARN__DUPLICATE_METHOD_MATCH = YES;
				COPY_PHASE_STRIP = NO;
				DEBUG_INFORMATION_FORMAT = "dwarf-with-dsym";
				ENABLE_NS_ASSERTIONS = NO;
				ENABLE_STRICT_OBJC_MSGSEND = YES;
				GCC_C_LANGUAGE_STANDARD = gnu11;
				GCC_NO_COMMON_BLOCKS = YES;
				GCC_WARN_64_TO_32_BIT_CONVERSION = YES;
				GCC_WARN_ABOUT_RETURN_TYPE = YES_ERROR;
				GCC_WARN_UNDECLARED_SELECTOR = YES;
				GCC_WARN_UNINITIALIZED_AUTOS = YES_AGGRESSIVE;
				GCC_WARN_UNUSED_FUNCTION = YES;
				GCC_WARN_UNUSED_VARIABLE = YES;
				IPHONEOS_DEPLOYMENT_TARGET = 16.0;
				MTL_ENABLE_DEBUG_INFO = NO;
				MTL_FAST_MATH = YES;
				SDKROOT = iphoneos;
				SWIFT_COMPILATION_MODE = wholemodule;
				SWIFT_OPTIMIZATION_LEVEL = "-O";
				VALIDATE_PRODUCT = YES;
			};
			name = Release;
		};
		59399EE628F706310049B3EC /* Debug */ = {
			isa = XCBuildConfiguration;
			buildSettings = {
				ASSETCATALOG_COMPILER_APPICON_NAME = AppIcon;
				ASSETCATALOG_COMPILER_GLOBAL_ACCENT_COLOR_NAME = AccentColor;
				CODE_SIGN_STYLE = Automatic;
				CURRENT_PROJECT_VERSION = 1;
				DEVELOPMENT_TEAM = X73WTK25N3;
				GENERATE_INFOPLIST_FILE = YES;
				INFOPLIST_FILE = ShoppingList/Info.plist;
				INFOPLIST_KEY_UIApplicationSupportsIndirectInputEvents = YES;
				INFOPLIST_KEY_UILaunchStoryboardName = LaunchScreen;
				INFOPLIST_KEY_UIMainStoryboardFile = Main;
				INFOPLIST_KEY_UISupportedInterfaceOrientations_iPad = "UIInterfaceOrientationPortrait UIInterfaceOrientationPortraitUpsideDown UIInterfaceOrientationLandscapeLeft UIInterfaceOrientationLandscapeRight";
				INFOPLIST_KEY_UISupportedInterfaceOrientations_iPhone = "UIInterfaceOrientationPortrait UIInterfaceOrientationLandscapeLeft UIInterfaceOrientationLandscapeRight";
				IPHONEOS_DEPLOYMENT_TARGET = 15.0;
				LD_RUNPATH_SEARCH_PATHS = (
					"$(inherited)",
					"@executable_path/Frameworks",
				);
				MARKETING_VERSION = 1.0;
				PRODUCT_BUNDLE_IDENTIFIER = com.ShoppingList1;
				PRODUCT_NAME = "$(TARGET_NAME)";
				SWIFT_EMIT_LOC_STRINGS = YES;
				SWIFT_VERSION = 5.0;
				TARGETED_DEVICE_FAMILY = "1,2";
			};
			name = Debug;
		};
		59399EE728F706310049B3EC /* Release */ = {
			isa = XCBuildConfiguration;
			buildSettings = {
				ASSETCATALOG_COMPILER_APPICON_NAME = AppIcon;
				ASSETCATALOG_COMPILER_GLOBAL_ACCENT_COLOR_NAME = AccentColor;
				CODE_SIGN_STYLE = Automatic;
				CURRENT_PROJECT_VERSION = 1;
				DEVELOPMENT_TEAM = X73WTK25N3;
				GENERATE_INFOPLIST_FILE = YES;
				INFOPLIST_FILE = ShoppingList/Info.plist;
				INFOPLIST_KEY_UIApplicationSupportsIndirectInputEvents = YES;
				INFOPLIST_KEY_UILaunchStoryboardName = LaunchScreen;
				INFOPLIST_KEY_UIMainStoryboardFile = Main;
				INFOPLIST_KEY_UISupportedInterfaceOrientations_iPad = "UIInterfaceOrientationPortrait UIInterfaceOrientationPortraitUpsideDown UIInterfaceOrientationLandscapeLeft UIInterfaceOrientationLandscapeRight";
				INFOPLIST_KEY_UISupportedInterfaceOrientations_iPhone = "UIInterfaceOrientationPortrait UIInterfaceOrientationLandscapeLeft UIInterfaceOrientationLandscapeRight";
				IPHONEOS_DEPLOYMENT_TARGET = 15.0;
				LD_RUNPATH_SEARCH_PATHS = (
					"$(inherited)",
					"@executable_path/Frameworks",
				);
				MARKETING_VERSION = 1.0;
				PRODUCT_BUNDLE_IDENTIFIER = com.ShoppingList1;
				PRODUCT_NAME = "$(TARGET_NAME)";
				SWIFT_EMIT_LOC_STRINGS = YES;
				SWIFT_VERSION = 5.0;
				TARGETED_DEVICE_FAMILY = "1,2";
			};
			name = Release;
		};
		59399EE928F706310049B3EC /* Debug */ = {
			isa = XCBuildConfiguration;
			buildSettings = {
				ALWAYS_EMBED_SWIFT_STANDARD_LIBRARIES = YES;
				BUNDLE_LOADER = "$(TEST_HOST)";
				CODE_SIGN_STYLE = Automatic;
				CURRENT_PROJECT_VERSION = 1;
				DEVELOPMENT_TEAM = X73WTK25N3;
				GENERATE_INFOPLIST_FILE = YES;
				IPHONEOS_DEPLOYMENT_TARGET = 16.0;
				MARKETING_VERSION = 1.0;
				PRODUCT_BUNDLE_IDENTIFIER = com.ShoppingListTests;
				PRODUCT_NAME = "$(TARGET_NAME)";
				SWIFT_EMIT_LOC_STRINGS = NO;
				SWIFT_VERSION = 5.0;
				TARGETED_DEVICE_FAMILY = "1,2";
				TEST_HOST = "$(BUILT_PRODUCTS_DIR)/ShoppingList.app/$(BUNDLE_EXECUTABLE_FOLDER_PATH)/ShoppingList";
			};
			name = Debug;
		};
		59399EEA28F706310049B3EC /* Release */ = {
			isa = XCBuildConfiguration;
			buildSettings = {
				ALWAYS_EMBED_SWIFT_STANDARD_LIBRARIES = YES;
				BUNDLE_LOADER = "$(TEST_HOST)";
				CODE_SIGN_STYLE = Automatic;
				CURRENT_PROJECT_VERSION = 1;
				DEVELOPMENT_TEAM = X73WTK25N3;
				GENERATE_INFOPLIST_FILE = YES;
				IPHONEOS_DEPLOYMENT_TARGET = 16.0;
				MARKETING_VERSION = 1.0;
				PRODUCT_BUNDLE_IDENTIFIER = com.ShoppingListTests;
				PRODUCT_NAME = "$(TARGET_NAME)";
				SWIFT_EMIT_LOC_STRINGS = NO;
				SWIFT_VERSION = 5.0;
				TARGETED_DEVICE_FAMILY = "1,2";
				TEST_HOST = "$(BUILT_PRODUCTS_DIR)/ShoppingList.app/$(BUNDLE_EXECUTABLE_FOLDER_PATH)/ShoppingList";
			};
			name = Release;
		};
		59399EEC28F706310049B3EC /* Debug */ = {
			isa = XCBuildConfiguration;
			buildSettings = {
				ALWAYS_EMBED_SWIFT_STANDARD_LIBRARIES = YES;
				CODE_SIGN_STYLE = Automatic;
				CURRENT_PROJECT_VERSION = 1;
				DEVELOPMENT_TEAM = X73WTK25N3;
				GENERATE_INFOPLIST_FILE = YES;
				MARKETING_VERSION = 1.0;
				PRODUCT_BUNDLE_IDENTIFIER = com.ShoppingListUITests;
				PRODUCT_NAME = "$(TARGET_NAME)";
				SWIFT_EMIT_LOC_STRINGS = NO;
				SWIFT_VERSION = 5.0;
				TARGETED_DEVICE_FAMILY = "1,2";
				TEST_TARGET_NAME = ShoppingList;
			};
			name = Debug;
		};
		59399EED28F706310049B3EC /* Release */ = {
			isa = XCBuildConfiguration;
			buildSettings = {
				ALWAYS_EMBED_SWIFT_STANDARD_LIBRARIES = YES;
				CODE_SIGN_STYLE = Automatic;
				CURRENT_PROJECT_VERSION = 1;
				DEVELOPMENT_TEAM = X73WTK25N3;
				GENERATE_INFOPLIST_FILE = YES;
				MARKETING_VERSION = 1.0;
				PRODUCT_BUNDLE_IDENTIFIER = com.ShoppingListUITests;
				PRODUCT_NAME = "$(TARGET_NAME)";
				SWIFT_EMIT_LOC_STRINGS = NO;
				SWIFT_VERSION = 5.0;
				TARGETED_DEVICE_FAMILY = "1,2";
				TEST_TARGET_NAME = ShoppingList;
			};
			name = Release;
		};
/* End XCBuildConfiguration section */

/* Begin XCConfigurationList section */
		59399EB328F706300049B3EC /* Build configuration list for PBXProject "ShoppingList" */ = {
			isa = XCConfigurationList;
			buildConfigurations = (
				59399EE328F706310049B3EC /* Debug */,
				59399EE428F706310049B3EC /* Release */,
			);
			defaultConfigurationIsVisible = 0;
			defaultConfigurationName = Release;
		};
		59399EE528F706310049B3EC /* Build configuration list for PBXNativeTarget "ShoppingList" */ = {
			isa = XCConfigurationList;
			buildConfigurations = (
				59399EE628F706310049B3EC /* Debug */,
				59399EE728F706310049B3EC /* Release */,
			);
			defaultConfigurationIsVisible = 0;
			defaultConfigurationName = Release;
		};
		59399EE828F706310049B3EC /* Build configuration list for PBXNativeTarget "ShoppingListTests" */ = {
			isa = XCConfigurationList;
			buildConfigurations = (
				59399EE928F706310049B3EC /* Debug */,
				59399EEA28F706310049B3EC /* Release */,
			);
			defaultConfigurationIsVisible = 0;
			defaultConfigurationName = Release;
		};
		59399EEB28F706310049B3EC /* Build configuration list for PBXNativeTarget "ShoppingListUITests" */ = {
			isa = XCConfigurationList;
			buildConfigurations = (
				59399EEC28F706310049B3EC /* Debug */,
				59399EED28F706310049B3EC /* Release */,
			);
			defaultConfigurationIsVisible = 0;
			defaultConfigurationName = Release;
		};
/* End XCConfigurationList section */

/* Begin XCVersionGroup section */
		59399EC428F706300049B3EC /* ShoppingList.xcdatamodeld */ = {
			isa = XCVersionGroup;
			children = (
				59399EC528F706300049B3EC /* ShoppingList.xcdatamodel */,
			);
			currentVersion = 59399EC528F706300049B3EC /* ShoppingList.xcdatamodel */;
			path = ShoppingList.xcdatamodeld;
			sourceTree = "<group>";
			versionGroupType = wrapper.xcdatamodel;
		};
/* End XCVersionGroup section */
	};
	rootObject = 59399EB028F706300049B3EC /* Project object */;
}
