// !$*UTF8*$!
{
	archiveVersion = 1;
	classes = {
	};
	objectVersion = 56;
	objects = {

/* Begin PBXBuildFile section */
		5934B69B28ED25F800052F03 /* AppDelegate.swift in Sources */ = {isa = PBXBuildFile; fileRef = 5934B69A28ED25F800052F03 /* AppDelegate.swift */; };
		5934B69D28ED25F800052F03 /* SceneDelegate.swift in Sources */ = {isa = PBXBuildFile; fileRef = 5934B69C28ED25F800052F03 /* SceneDelegate.swift */; };
		5934B6A228ED25F800052F03 /* Main.storyboard in Resources */ = {isa = PBXBuildFile; fileRef = 5934B6A028ED25F800052F03 /* Main.storyboard */; };
		5934B6A528ED25F800052F03 /* TableView.xcdatamodeld in Sources */ = {isa = PBXBuildFile; fileRef = 5934B6A328ED25F800052F03 /* TableView.xcdatamodeld */; };
		5934B6A728ED25F900052F03 /* Assets.xcassets in Resources */ = {isa = PBXBuildFile; fileRef = 5934B6A628ED25F900052F03 /* Assets.xcassets */; };
		5934B6AA28ED25F900052F03 /* LaunchScreen.storyboard in Resources */ = {isa = PBXBuildFile; fileRef = 5934B6A828ED25F900052F03 /* LaunchScreen.storyboard */; };
		5934B6B528ED25F900052F03 /* TableViewTests.swift in Sources */ = {isa = PBXBuildFile; fileRef = 5934B6B428ED25F900052F03 /* TableViewTests.swift */; };
		5934B6BF28ED25F900052F03 /* TableViewUITests.swift in Sources */ = {isa = PBXBuildFile; fileRef = 5934B6BE28ED25F900052F03 /* TableViewUITests.swift */; };
		5934B6C128ED25F900052F03 /* TableViewUITestsLaunchTests.swift in Sources */ = {isa = PBXBuildFile; fileRef = 5934B6C028ED25F900052F03 /* TableViewUITestsLaunchTests.swift */; };
		59AD76A628EDABE500F7C49C /* SnapKit in Frameworks */ = {isa = PBXBuildFile; productRef = 59AD76A528EDABE500F7C49C /* SnapKit */; };
/* End PBXBuildFile section */

/* Begin PBXContainerItemProxy section */
		5934B6B128ED25F900052F03 /* PBXContainerItemProxy */ = {
			isa = PBXContainerItemProxy;
			containerPortal = 5934B68F28ED25F800052F03 /* Project object */;
			proxyType = 1;
			remoteGlobalIDString = 5934B69628ED25F800052F03;
			remoteInfo = TableView;
		};
		5934B6BB28ED25F900052F03 /* PBXContainerItemProxy */ = {
			isa = PBXContainerItemProxy;
			containerPortal = 5934B68F28ED25F800052F03 /* Project object */;
			proxyType = 1;
			remoteGlobalIDString = 5934B69628ED25F800052F03;
			remoteInfo = TableView;
		};
/* End PBXContainerItemProxy section */

/* Begin PBXFileReference section */
		5934B69728ED25F800052F03 /* TableView.app */ = {isa = PBXFileReference; explicitFileType = wrapper.application; includeInIndex = 0; path = TableView.app; sourceTree = BUILT_PRODUCTS_DIR; };
		5934B69A28ED25F800052F03 /* AppDelegate.swift */ = {isa = PBXFileReference; lastKnownFileType = sourcecode.swift; path = AppDelegate.swift; sourceTree = "<group>"; };
		5934B69C28ED25F800052F03 /* SceneDelegate.swift */ = {isa = PBXFileReference; lastKnownFileType = sourcecode.swift; path = SceneDelegate.swift; sourceTree = "<group>"; };
		5934B6A128ED25F800052F03 /* Base */ = {isa = PBXFileReference; lastKnownFileType = file.storyboard; name = Base; path = Base.lproj/Main.storyboard; sourceTree = "<group>"; };
		5934B6A428ED25F800052F03 /* TableView.xcdatamodel */ = {isa = PBXFileReference; lastKnownFileType = wrapper.xcdatamodel; path = TableView.xcdatamodel; sourceTree = "<group>"; };
		5934B6A628ED25F900052F03 /* Assets.xcassets */ = {isa = PBXFileReference; lastKnownFileType = folder.assetcatalog; path = Assets.xcassets; sourceTree = "<group>"; };
		5934B6A928ED25F900052F03 /* Base */ = {isa = PBXFileReference; lastKnownFileType = file.storyboard; name = Base; path = Base.lproj/LaunchScreen.storyboard; sourceTree = "<group>"; };
		5934B6AB28ED25F900052F03 /* Info.plist */ = {isa = PBXFileReference; lastKnownFileType = text.plist.xml; path = Info.plist; sourceTree = "<group>"; };
		5934B6B028ED25F900052F03 /* TableViewTests.xctest */ = {isa = PBXFileReference; explicitFileType = wrapper.cfbundle; includeInIndex = 0; path = TableViewTests.xctest; sourceTree = BUILT_PRODUCTS_DIR; };
		5934B6B428ED25F900052F03 /* TableViewTests.swift */ = {isa = PBXFileReference; lastKnownFileType = sourcecode.swift; path = TableViewTests.swift; sourceTree = "<group>"; };
		5934B6BA28ED25F900052F03 /* TableViewUITests.xctest */ = {isa = PBXFileReference; explicitFileType = wrapper.cfbundle; includeInIndex = 0; path = TableViewUITests.xctest; sourceTree = BUILT_PRODUCTS_DIR; };
		5934B6BE28ED25F900052F03 /* TableViewUITests.swift */ = {isa = PBXFileReference; lastKnownFileType = sourcecode.swift; path = TableViewUITests.swift; sourceTree = "<group>"; };
		5934B6C028ED25F900052F03 /* TableViewUITestsLaunchTests.swift */ = {isa = PBXFileReference; lastKnownFileType = sourcecode.swift; path = TableViewUITestsLaunchTests.swift; sourceTree = "<group>"; };
/* End PBXFileReference section */

/* Begin PBXFrameworksBuildPhase section */
		5934B69428ED25F800052F03 /* Frameworks */ = {
			isa = PBXFrameworksBuildPhase;
			buildActionMask = 2147483647;
			files = (
				59AD76A628EDABE500F7C49C /* SnapKit in Frameworks */,
			);
			runOnlyForDeploymentPostprocessing = 0;
		};
		5934B6AD28ED25F900052F03 /* Frameworks */ = {
			isa = PBXFrameworksBuildPhase;
			buildActionMask = 2147483647;
			files = (
			);
			runOnlyForDeploymentPostprocessing = 0;
		};
		5934B6B728ED25F900052F03 /* Frameworks */ = {
			isa = PBXFrameworksBuildPhase;
			buildActionMask = 2147483647;
			files = (
			);
			runOnlyForDeploymentPostprocessing = 0;
		};
/* End PBXFrameworksBuildPhase section */

/* Begin PBXGroup section */
		5934B68E28ED25F800052F03 = {
			isa = PBXGroup;
			children = (
				5934B69928ED25F800052F03 /* TableView */,
				5934B6B328ED25F900052F03 /* TableViewTests */,
				5934B6BD28ED25F900052F03 /* TableViewUITests */,
				5934B69828ED25F800052F03 /* Products */,
			);
			sourceTree = "<group>";
		};
		5934B69828ED25F800052F03 /* Products */ = {
			isa = PBXGroup;
			children = (
				5934B69728ED25F800052F03 /* TableView.app */,
				5934B6B028ED25F900052F03 /* TableViewTests.xctest */,
				5934B6BA28ED25F900052F03 /* TableViewUITests.xctest */,
			);
			name = Products;
			sourceTree = "<group>";
		};
		5934B69928ED25F800052F03 /* TableView */ = {
			isa = PBXGroup;
			children = (
				5934B69A28ED25F800052F03 /* AppDelegate.swift */,
				5934B69C28ED25F800052F03 /* SceneDelegate.swift */,
				5934B6A028ED25F800052F03 /* Main.storyboard */,
				5934B6A628ED25F900052F03 /* Assets.xcassets */,
				5934B6A828ED25F900052F03 /* LaunchScreen.storyboard */,
				5934B6AB28ED25F900052F03 /* Info.plist */,
				5934B6A328ED25F800052F03 /* TableView.xcdatamodeld */,
			);
			path = TableView;
			sourceTree = "<group>";
		};
		5934B6B328ED25F900052F03 /* TableViewTests */ = {
			isa = PBXGroup;
			children = (
				5934B6B428ED25F900052F03 /* TableViewTests.swift */,
			);
			path = TableViewTests;
			sourceTree = "<group>";
		};
		5934B6BD28ED25F900052F03 /* TableViewUITests */ = {
			isa = PBXGroup;
			children = (
				5934B6BE28ED25F900052F03 /* TableViewUITests.swift */,
				5934B6C028ED25F900052F03 /* TableViewUITestsLaunchTests.swift */,
			);
			path = TableViewUITests;
			sourceTree = "<group>";
		};
/* End PBXGroup section */

/* Begin PBXNativeTarget section */
		5934B69628ED25F800052F03 /* TableView */ = {
			isa = PBXNativeTarget;
			buildConfigurationList = 5934B6C428ED25F900052F03 /* Build configuration list for PBXNativeTarget "TableView" */;
			buildPhases = (
				5934B69328ED25F800052F03 /* Sources */,
				5934B69428ED25F800052F03 /* Frameworks */,
				5934B69528ED25F800052F03 /* Resources */,
			);
			buildRules = (
			);
			dependencies = (
			);
			name = TableView;
			packageProductDependencies = (
				59AD76A528EDABE500F7C49C /* SnapKit */,
			);
			productName = TableView;
			productReference = 5934B69728ED25F800052F03 /* TableView.app */;
			productType = "com.apple.product-type.application";
		};
		5934B6AF28ED25F900052F03 /* TableViewTests */ = {
			isa = PBXNativeTarget;
			buildConfigurationList = 5934B6C728ED25F900052F03 /* Build configuration list for PBXNativeTarget "TableViewTests" */;
			buildPhases = (
				5934B6AC28ED25F900052F03 /* Sources */,
				5934B6AD28ED25F900052F03 /* Frameworks */,
				5934B6AE28ED25F900052F03 /* Resources */,
			);
			buildRules = (
			);
			dependencies = (
				5934B6B228ED25F900052F03 /* PBXTargetDependency */,
			);
			name = TableViewTests;
			productName = TableViewTests;
			productReference = 5934B6B028ED25F900052F03 /* TableViewTests.xctest */;
			productType = "com.apple.product-type.bundle.unit-test";
		};
		5934B6B928ED25F900052F03 /* TableViewUITests */ = {
			isa = PBXNativeTarget;
			buildConfigurationList = 5934B6CA28ED25F900052F03 /* Build configuration list for PBXNativeTarget "TableViewUITests" */;
			buildPhases = (
				5934B6B628ED25F900052F03 /* Sources */,
				5934B6B728ED25F900052F03 /* Frameworks */,
				5934B6B828ED25F900052F03 /* Resources */,
			);
			buildRules = (
			);
			dependencies = (
				5934B6BC28ED25F900052F03 /* PBXTargetDependency */,
			);
			name = TableViewUITests;
			productName = TableViewUITests;
			productReference = 5934B6BA28ED25F900052F03 /* TableViewUITests.xctest */;
			productType = "com.apple.product-type.bundle.ui-testing";
		};
/* End PBXNativeTarget section */

/* Begin PBXProject section */
		5934B68F28ED25F800052F03 /* Project object */ = {
			isa = PBXProject;
			attributes = {
				BuildIndependentTargetsInParallel = 1;
				LastSwiftUpdateCheck = 1400;
				LastUpgradeCheck = 1400;
				TargetAttributes = {
					5934B69628ED25F800052F03 = {
						CreatedOnToolsVersion = 14.0.1;
					};
					5934B6AF28ED25F900052F03 = {
						CreatedOnToolsVersion = 14.0.1;
						TestTargetID = 5934B69628ED25F800052F03;
					};
					5934B6B928ED25F900052F03 = {
						CreatedOnToolsVersion = 14.0.1;
						TestTargetID = 5934B69628ED25F800052F03;
					};
				};
			};
			buildConfigurationList = 5934B69228ED25F800052F03 /* Build configuration list for PBXProject "TableView" */;
			compatibilityVersion = "Xcode 14.0";
			developmentRegion = en;
			hasScannedForEncodings = 0;
			knownRegions = (
				en,
				Base,
			);
			mainGroup = 5934B68E28ED25F800052F03;
			packageReferences = (
				59AD76A428EDABE500F7C49C /* XCRemoteSwiftPackageReference "Snapkit" */,
			);
			productRefGroup = 5934B69828ED25F800052F03 /* Products */;
			projectDirPath = "";
			projectRoot = "";
			targets = (
				5934B69628ED25F800052F03 /* TableView */,
				5934B6AF28ED25F900052F03 /* TableViewTests */,
				5934B6B928ED25F900052F03 /* TableViewUITests */,
			);
		};
/* End PBXProject section */

/* Begin PBXResourcesBuildPhase section */
		5934B69528ED25F800052F03 /* Resources */ = {
			isa = PBXResourcesBuildPhase;
			buildActionMask = 2147483647;
			files = (
				5934B6AA28ED25F900052F03 /* LaunchScreen.storyboard in Resources */,
				5934B6A728ED25F900052F03 /* Assets.xcassets in Resources */,
				5934B6A228ED25F800052F03 /* Main.storyboard in Resources */,
			);
			runOnlyForDeploymentPostprocessing = 0;
		};
		5934B6AE28ED25F900052F03 /* Resources */ = {
			isa = PBXResourcesBuildPhase;
			buildActionMask = 2147483647;
			files = (
			);
			runOnlyForDeploymentPostprocessing = 0;
		};
		5934B6B828ED25F900052F03 /* Resources */ = {
			isa = PBXResourcesBuildPhase;
			buildActionMask = 2147483647;
			files = (
			);
			runOnlyForDeploymentPostprocessing = 0;
		};
/* End PBXResourcesBuildPhase section */

/* Begin PBXSourcesBuildPhase section */
		5934B69328ED25F800052F03 /* Sources */ = {
			isa = PBXSourcesBuildPhase;
			buildActionMask = 2147483647;
			files = (
				5934B6A528ED25F800052F03 /* TableView.xcdatamodeld in Sources */,
				5934B69B28ED25F800052F03 /* AppDelegate.swift in Sources */,
				5934B69D28ED25F800052F03 /* SceneDelegate.swift in Sources */,
			);
			runOnlyForDeploymentPostprocessing = 0;
		};
		5934B6AC28ED25F900052F03 /* Sources */ = {
			isa = PBXSourcesBuildPhase;
			buildActionMask = 2147483647;
			files = (
				5934B6B528ED25F900052F03 /* TableViewTests.swift in Sources */,
			);
			runOnlyForDeploymentPostprocessing = 0;
		};
		5934B6B628ED25F900052F03 /* Sources */ = {
			isa = PBXSourcesBuildPhase;
			buildActionMask = 2147483647;
			files = (
				5934B6C128ED25F900052F03 /* TableViewUITestsLaunchTests.swift in Sources */,
				5934B6BF28ED25F900052F03 /* TableViewUITests.swift in Sources */,
			);
			runOnlyForDeploymentPostprocessing = 0;
		};
/* End PBXSourcesBuildPhase section */

/* Begin PBXTargetDependency section */
		5934B6B228ED25F900052F03 /* PBXTargetDependency */ = {
			isa = PBXTargetDependency;
			target = 5934B69628ED25F800052F03 /* TableView */;
			targetProxy = 5934B6B128ED25F900052F03 /* PBXContainerItemProxy */;
		};
		5934B6BC28ED25F900052F03 /* PBXTargetDependency */ = {
			isa = PBXTargetDependency;
			target = 5934B69628ED25F800052F03 /* TableView */;
			targetProxy = 5934B6BB28ED25F900052F03 /* PBXContainerItemProxy */;
		};
/* End PBXTargetDependency section */

/* Begin PBXVariantGroup section */
		5934B6A028ED25F800052F03 /* Main.storyboard */ = {
			isa = PBXVariantGroup;
			children = (
				5934B6A128ED25F800052F03 /* Base */,
			);
			name = Main.storyboard;
			sourceTree = "<group>";
		};
		5934B6A828ED25F900052F03 /* LaunchScreen.storyboard */ = {
			isa = PBXVariantGroup;
			children = (
				5934B6A928ED25F900052F03 /* Base */,
			);
			name = LaunchScreen.storyboard;
			sourceTree = "<group>";
		};
/* End PBXVariantGroup section */

/* Begin XCBuildConfiguration section */
		5934B6C228ED25F900052F03 /* Debug */ = {
			isa = XCBuildConfiguration;
			buildSettings = {
				ALWAYS_SEARCH_USER_PATHS = NO;
				CLANG_ANALYZER_NONNULL = YES;
				CLANG_ANALYZER_NUMBER_OBJECT_CONVERSION = YES_AGGRESSIVE;
				CLANG_CXX_LANGUAGE_STANDARD = "gnu++20";
				CLANG_ENABLE_MODULES = YES;
				CLANG_ENABLE_OBJC_ARC = YES;
				CLANG_ENABLE_OBJC_WEAK = YES;
				CLANG_WARN_BLOCK_CAPTURE_AUTORELEASING = YES;
				CLANG_WARN_BOOL_CONVERSION = YES;
				CLANG_WARN_COMMA = YES;
				CLANG_WARN_CONSTANT_CONVERSION = YES;
				CLANG_WARN_DEPRECATED_OBJC_IMPLEMENTATIONS = YES;
				CLANG_WARN_DIRECT_OBJC_ISA_USAGE = YES_ERROR;
				CLANG_WARN_DOCUMENTATION_COMMENTS = YES;
				CLANG_WARN_EMPTY_BODY = YES;
				CLANG_WARN_ENUM_CONVERSION = YES;
				CLANG_WARN_INFINITE_RECURSION = YES;
				CLANG_WARN_INT_CONVERSION = YES;
				CLANG_WARN_NON_LITERAL_NULL_CONVERSION = YES;
				CLANG_WARN_OBJC_IMPLICIT_RETAIN_SELF = YES;
				CLANG_WARN_OBJC_LITERAL_CONVERSION = YES;
				CLANG_WARN_OBJC_ROOT_CLASS = YES_ERROR;
				CLANG_WARN_QUOTED_INCLUDE_IN_FRAMEWORK_HEADER = YES;
				CLANG_WARN_RANGE_LOOP_ANALYSIS = YES;
				CLANG_WARN_STRICT_PROTOTYPES = YES;
				CLANG_WARN_SUSPICIOUS_MOVE = YES;
				CLANG_WARN_UNGUARDED_AVAILABILITY = YES_AGGRESSIVE;
				CLANG_WARN_UNREACHABLE_CODE = YES;
				CLANG_WARN__DUPLICATE_METHOD_MATCH = YES;
				COPY_PHASE_STRIP = NO;
				DEBUG_INFORMATION_FORMAT = dwarf;
				ENABLE_STRICT_OBJC_MSGSEND = YES;
				ENABLE_TESTABILITY = YES;
				GCC_C_LANGUAGE_STANDARD = gnu11;
				GCC_DYNAMIC_NO_PIC = NO;
				GCC_NO_COMMON_BLOCKS = YES;
				GCC_OPTIMIZATION_LEVEL = 0;
				GCC_PREPROCESSOR_DEFINITIONS = (
					"DEBUG=1",
					"$(inherited)",
				);
				GCC_WARN_64_TO_32_BIT_CONVERSION = YES;
				GCC_WARN_ABOUT_RETURN_TYPE = YES_ERROR;
				GCC_WARN_UNDECLARED_SELECTOR = YES;
				GCC_WARN_UNINITIALIZED_AUTOS = YES_AGGRESSIVE;
				GCC_WARN_UNUSED_FUNCTION = YES;
				GCC_WARN_UNUSED_VARIABLE = YES;
				IPHONEOS_DEPLOYMENT_TARGET = 16.0;
				MTL_ENABLE_DEBUG_INFO = INCLUDE_SOURCE;
				MTL_FAST_MATH = YES;
				ONLY_ACTIVE_ARCH = YES;
				SDKROOT = iphoneos;
				SWIFT_ACTIVE_COMPILATION_CONDITIONS = DEBUG;
				SWIFT_OPTIMIZATION_LEVEL = "-Onone";
			};
			name = Debug;
		};
		5934B6C328ED25F900052F03 /* Release */ = {
			isa = XCBuildConfiguration;
			buildSettings = {
				ALWAYS_SEARCH_USER_PATHS = NO;
				CLANG_ANALYZER_NONNULL = YES;
				CLANG_ANALYZER_NUMBER_OBJECT_CONVERSION = YES_AGGRESSIVE;
				CLANG_CXX_LANGUAGE_STANDARD = "gnu++20";
				CLANG_ENABLE_MODULES = YES;
				CLANG_ENABLE_OBJC_ARC = YES;
				CLANG_ENABLE_OBJC_WEAK = YES;
				CLANG_WARN_BLOCK_CAPTURE_AUTORELEASING = YES;
				CLANG_WARN_BOOL_CONVERSION = YES;
				CLANG_WARN_COMMA = YES;
				CLANG_WARN_CONSTANT_CONVERSION = YES;
				CLANG_WARN_DEPRECATED_OBJC_IMPLEMENTATIONS = YES;
				CLANG_WARN_DIRECT_OBJC_ISA_USAGE = YES_ERROR;
				CLANG_WARN_DOCUMENTATION_COMMENTS = YES;
				CLANG_WARN_EMPTY_BODY = YES;
				CLANG_WARN_ENUM_CONVERSION = YES;
				CLANG_WARN_INFINITE_RECURSION = YES;
				CLANG_WARN_INT_CONVERSION = YES;
				CLANG_WARN_NON_LITERAL_NULL_CONVERSION = YES;
				CLANG_WARN_OBJC_IMPLICIT_RETAIN_SELF = YES;
				CLANG_WARN_OBJC_LITERAL_CONVERSION = YES;
				CLANG_WARN_OBJC_ROOT_CLASS = YES_ERROR;
				CLANG_WARN_QUOTED_INCLUDE_IN_FRAMEWORK_HEADER = YES;
				CLANG_WARN_RANGE_LOOP_ANALYSIS = YES;
				CLANG_WARN_STRICT_PROTOTYPES = YES;
				CLANG_WARN_SUSPICIOUS_MOVE = YES;
				CLANG_WARN_UNGUARDED_AVAILABILITY = YES_AGGRESSIVE;
				CLANG_WARN_UNREACHABLE_CODE = YES;
				CLANG_WARN__DUPLICATE_METHOD_MATCH = YES;
				COPY_PHASE_STRIP = NO;
				DEBUG_INFORMATION_FORMAT = "dwarf-with-dsym";
				ENABLE_NS_ASSERTIONS = NO;
				ENABLE_STRICT_OBJC_MSGSEND = YES;
				GCC_C_LANGUAGE_STANDARD = gnu11;
				GCC_NO_COMMON_BLOCKS = YES;
				GCC_WARN_64_TO_32_BIT_CONVERSION = YES;
				GCC_WARN_ABOUT_RETURN_TYPE = YES_ERROR;
				GCC_WARN_UNDECLARED_SELECTOR = YES;
				GCC_WARN_UNINITIALIZED_AUTOS = YES_AGGRESSIVE;
				GCC_WARN_UNUSED_FUNCTION = YES;
				GCC_WARN_UNUSED_VARIABLE = YES;
				IPHONEOS_DEPLOYMENT_TARGET = 16.0;
				MTL_ENABLE_DEBUG_INFO = NO;
				MTL_FAST_MATH = YES;
				SDKROOT = iphoneos;
				SWIFT_COMPILATION_MODE = wholemodule;
				SWIFT_OPTIMIZATION_LEVEL = "-O";
				VALIDATE_PRODUCT = YES;
			};
			name = Release;
		};
		5934B6C528ED25F900052F03 /* Debug */ = {
			isa = XCBuildConfiguration;
			buildSettings = {
				ASSETCATALOG_COMPILER_APPICON_NAME = AppIcon;
				ASSETCATALOG_COMPILER_GLOBAL_ACCENT_COLOR_NAME = AccentColor;
				CODE_SIGN_STYLE = Automatic;
				CURRENT_PROJECT_VERSION = 1;
				DEVELOPMENT_TEAM = X73WTK25N3;
				GENERATE_INFOPLIST_FILE = YES;
				INFOPLIST_FILE = TableView/Info.plist;
				INFOPLIST_KEY_UIApplicationSupportsIndirectInputEvents = YES;
				INFOPLIST_KEY_UILaunchStoryboardName = LaunchScreen;
				INFOPLIST_KEY_UIMainStoryboardFile = Main;
				INFOPLIST_KEY_UISupportedInterfaceOrientations_iPad = "UIInterfaceOrientationPortrait UIInterfaceOrientationPortraitUpsideDown UIInterfaceOrientationLandscapeLeft UIInterfaceOrientationLandscapeRight";
				INFOPLIST_KEY_UISupportedInterfaceOrientations_iPhone = "UIInterfaceOrientationPortrait UIInterfaceOrientationLandscapeLeft UIInterfaceOrientationLandscapeRight";
				IPHONEOS_DEPLOYMENT_TARGET = 15.0;
				LD_RUNPATH_SEARCH_PATHS = (
					"$(inherited)",
					"@executable_path/Frameworks",
				);
				MARKETING_VERSION = 1.0;
				PRODUCT_BUNDLE_IDENTIFIER = com.TableView1;
				PRODUCT_NAME = "$(TARGET_NAME)";
				SWIFT_EMIT_LOC_STRINGS = YES;
				SWIFT_VERSION = 5.0;
				TARGETED_DEVICE_FAMILY = "1,2";
			};
			name = Debug;
		};
		5934B6C628ED25F900052F03 /* Release */ = {
			isa = XCBuildConfiguration;
			buildSettings = {
				ASSETCATALOG_COMPILER_APPICON_NAME = AppIcon;
				ASSETCATALOG_COMPILER_GLOBAL_ACCENT_COLOR_NAME = AccentColor;
				CODE_SIGN_STYLE = Automatic;
				CURRENT_PROJECT_VERSION = 1;
				DEVELOPMENT_TEAM = X73WTK25N3;
				GENERATE_INFOPLIST_FILE = YES;
				INFOPLIST_FILE = TableView/Info.plist;
				INFOPLIST_KEY_UIApplicationSupportsIndirectInputEvents = YES;
				INFOPLIST_KEY_UILaunchStoryboardName = LaunchScreen;
				INFOPLIST_KEY_UIMainStoryboardFile = Main;
				INFOPLIST_KEY_UISupportedInterfaceOrientations_iPad = "UIInterfaceOrientationPortrait UIInterfaceOrientationPortraitUpsideDown UIInterfaceOrientationLandscapeLeft UIInterfaceOrientationLandscapeRight";
				INFOPLIST_KEY_UISupportedInterfaceOrientations_iPhone = "UIInterfaceOrientationPortrait UIInterfaceOrientationLandscapeLeft UIInterfaceOrientationLandscapeRight";
				IPHONEOS_DEPLOYMENT_TARGET = 15.0;
				LD_RUNPATH_SEARCH_PATHS = (
					"$(inherited)",
					"@executable_path/Frameworks",
				);
				MARKETING_VERSION = 1.0;
				PRODUCT_BUNDLE_IDENTIFIER = com.TableView1;
				PRODUCT_NAME = "$(TARGET_NAME)";
				SWIFT_EMIT_LOC_STRINGS = YES;
				SWIFT_VERSION = 5.0;
				TARGETED_DEVICE_FAMILY = "1,2";
			};
			name = Release;
		};
		5934B6C828ED25F900052F03 /* Debug */ = {
			isa = XCBuildConfiguration;
			buildSettings = {
				ALWAYS_EMBED_SWIFT_STANDARD_LIBRARIES = YES;
				BUNDLE_LOADER = "$(TEST_HOST)";
				CODE_SIGN_STYLE = Automatic;
				CURRENT_PROJECT_VERSION = 1;
				DEVELOPMENT_TEAM = X73WTK25N3;
				GENERATE_INFOPLIST_FILE = YES;
				IPHONEOS_DEPLOYMENT_TARGET = 16.0;
				MARKETING_VERSION = 1.0;
				PRODUCT_BUNDLE_IDENTIFIER = com.TableViewTests;
				PRODUCT_NAME = "$(TARGET_NAME)";
				SWIFT_EMIT_LOC_STRINGS = NO;
				SWIFT_VERSION = 5.0;
				TARGETED_DEVICE_FAMILY = "1,2";
				TEST_HOST = "$(BUILT_PRODUCTS_DIR)/TableView.app/$(BUNDLE_EXECUTABLE_FOLDER_PATH)/TableView";
			};
			name = Debug;
		};
		5934B6C928ED25F900052F03 /* Release */ = {
			isa = XCBuildConfiguration;
			buildSettings = {
				ALWAYS_EMBED_SWIFT_STANDARD_LIBRARIES = YES;
				BUNDLE_LOADER = "$(TEST_HOST)";
				CODE_SIGN_STYLE = Automatic;
				CURRENT_PROJECT_VERSION = 1;
				DEVELOPMENT_TEAM = X73WTK25N3;
				GENERATE_INFOPLIST_FILE = YES;
				IPHONEOS_DEPLOYMENT_TARGET = 16.0;
				MARKETING_VERSION = 1.0;
				PRODUCT_BUNDLE_IDENTIFIER = com.TableViewTests;
				PRODUCT_NAME = "$(TARGET_NAME)";
				SWIFT_EMIT_LOC_STRINGS = NO;
				SWIFT_VERSION = 5.0;
				TARGETED_DEVICE_FAMILY = "1,2";
				TEST_HOST = "$(BUILT_PRODUCTS_DIR)/TableView.app/$(BUNDLE_EXECUTABLE_FOLDER_PATH)/TableView";
			};
			name = Release;
		};
		5934B6CB28ED25F900052F03 /* Debug */ = {
			isa = XCBuildConfiguration;
			buildSettings = {
				ALWAYS_EMBED_SWIFT_STANDARD_LIBRARIES = YES;
				CODE_SIGN_STYLE = Automatic;
				CURRENT_PROJECT_VERSION = 1;
				DEVELOPMENT_TEAM = X73WTK25N3;
				GENERATE_INFOPLIST_FILE = YES;
				MARKETING_VERSION = 1.0;
				PRODUCT_BUNDLE_IDENTIFIER = com.TableViewUITests;
				PRODUCT_NAME = "$(TARGET_NAME)";
				SWIFT_EMIT_LOC_STRINGS = NO;
				SWIFT_VERSION = 5.0;
				TARGETED_DEVICE_FAMILY = "1,2";
				TEST_TARGET_NAME = TableView;
			};
			name = Debug;
		};
		5934B6CC28ED25F900052F03 /* Release */ = {
			isa = XCBuildConfiguration;
			buildSettings = {
				ALWAYS_EMBED_SWIFT_STANDARD_LIBRARIES = YES;
				CODE_SIGN_STYLE = Automatic;
				CURRENT_PROJECT_VERSION = 1;
				DEVELOPMENT_TEAM = X73WTK25N3;
				GENERATE_INFOPLIST_FILE = YES;
				MARKETING_VERSION = 1.0;
				PRODUCT_BUNDLE_IDENTIFIER = com.TableViewUITests;
				PRODUCT_NAME = "$(TARGET_NAME)";
				SWIFT_EMIT_LOC_STRINGS = NO;
				SWIFT_VERSION = 5.0;
				TARGETED_DEVICE_FAMILY = "1,2";
				TEST_TARGET_NAME = TableView;
			};
			name = Release;
		};
/* End XCBuildConfiguration section */

/* Begin XCConfigurationList section */
		5934B69228ED25F800052F03 /* Build configuration list for PBXProject "TableView" */ = {
			isa = XCConfigurationList;
			buildConfigurations = (
				5934B6C228ED25F900052F03 /* Debug */,
				5934B6C328ED25F900052F03 /* Release */,
			);
			defaultConfigurationIsVisible = 0;
			defaultConfigurationName = Release;
		};
		5934B6C428ED25F900052F03 /* Build configuration list for PBXNativeTarget "TableView" */ = {
			isa = XCConfigurationList;
			buildConfigurations = (
				5934B6C528ED25F900052F03 /* Debug */,
				5934B6C628ED25F900052F03 /* Release */,
			);
			defaultConfigurationIsVisible = 0;
			defaultConfigurationName = Release;
		};
		5934B6C728ED25F900052F03 /* Build configuration list for PBXNativeTarget "TableViewTests" */ = {
			isa = XCConfigurationList;
			buildConfigurations = (
				5934B6C828ED25F900052F03 /* Debug */,
				5934B6C928ED25F900052F03 /* Release */,
			);
			defaultConfigurationIsVisible = 0;
			defaultConfigurationName = Release;
		};
		5934B6CA28ED25F900052F03 /* Build configuration list for PBXNativeTarget "TableViewUITests" */ = {
			isa = XCConfigurationList;
			buildConfigurations = (
				5934B6CB28ED25F900052F03 /* Debug */,
				5934B6CC28ED25F900052F03 /* Release */,
			);
			defaultConfigurationIsVisible = 0;
			defaultConfigurationName = Release;
		};
/* End XCConfigurationList section */

/* Begin XCRemoteSwiftPackageReference section */
		59AD76A428EDABE500F7C49C /* XCRemoteSwiftPackageReference "Snapkit" */ = {
			isa = XCRemoteSwiftPackageReference;
			repositoryURL = "http://github.com/Snapkit/Snapkit.git";
			requirement = {
				kind = upToNextMajorVersion;
				minimumVersion = 5.0.0;
			};
		};
/* End XCRemoteSwiftPackageReference section */

/* Begin XCSwiftPackageProductDependency section */
		59AD76A528EDABE500F7C49C /* SnapKit */ = {
			isa = XCSwiftPackageProductDependency;
			package = 59AD76A428EDABE500F7C49C /* XCRemoteSwiftPackageReference "Snapkit" */;
			productName = SnapKit;
		};
/* End XCSwiftPackageProductDependency section */

/* Begin XCVersionGroup section */
		5934B6A328ED25F800052F03 /* TableView.xcdatamodeld */ = {
			isa = XCVersionGroup;
			children = (
				5934B6A428ED25F800052F03 /* TableView.xcdatamodel */,
			);
			currentVersion = 5934B6A428ED25F800052F03 /* TableView.xcdatamodel */;
			path = TableView.xcdatamodeld;
			sourceTree = "<group>";
			versionGroupType = wrapper.xcdatamodel;
		};
/* End XCVersionGroup section */
	};
	rootObject = 5934B68F28ED25F800052F03 /* Project object */;
}
